{
  "name": "IntakeAugMission2React",
  "version": "1.0.0",
  "lockfileVersion": 1,
  "requires": true,
  "dependencies": {
    "axios": {
      "version": "0.21.1",
      "resolved": "https://registry.npmjs.org/axios/-/axios-0.21.1.tgz",
      "integrity": "sha512-mXtgImiA8RWINDtMi5lWLf/Bfy2rjEa63Ba/8Q4n5P1P67/D91tN1GZaBlk6j0Amh4A0Rw3gxw1n1n5yJPSfaA==",
      "requires": {
        "follow-redirects": "1.14.2"
      }
    },
    "lodash": {
      "version": "4.17.21",
      "resolved": "https://registry.npmjs.org/lodash/-/lodash-4.17.21.tgz",
      "integrity": "sha512-v2kDEe57lecTulaNHI3IUTpu7MUkC0D/nRlWAqEX+a1GOu9UUJFq4oMrZo7hAI8lGwvFwunka6gHnl1kvNpcQ=="
    }
  }
}
